
Microsoft Visual Studio Solution File, Format Version 12.00
# Visual Studio Version 17
VisualStudioVersion = 17.12.35506.116 d17.12
MinimumVisualStudioVersion = 10.0.40219.1
Project("{FAE04EC0-301F-11D3-BF4B-00C04F79EFBC}") = "ProyectoAula", "ProyectoAula\ProyectoAula.csproj", "{8255586B-8498-463C-B6C3-36ACC312540D}"
EndProject
Project("{FAE04EC0-301F-11D3-BF4B-00C04F79EFBC}") = "BLL", "BLL\BLL.csproj", "{61B2BC18-9D26-4104-BCA6-6BFE6CAA5748}"
EndProject
Project("{FAE04EC0-301F-11D3-BF4B-00C04F79EFBC}") = "DAL", "DAL\DAL.csproj", "{2E0F1117-F452-4237-A525-8DE469E5158D}"
EndProject
Project("{FAE04EC0-301F-11D3-BF4B-00C04F79EFBC}") = "ENTITY", "ENTITY\ENTITY.csproj", "{9D065BDA-D773-4E85-90FB-2B3B7F1917F7}"
EndProject
Global
	GlobalSection(SolutionConfigurationPlatforms) = preSolution
		Debug|Any CPU = Debug|Any CPU
		Release|Any CPU = Release|Any CPU
	EndGlobalSection
	GlobalSection(ProjectConfigurationPlatforms) = postSolution
		{8255586B-8498-463C-B6C3-36ACC312540D}.Debug|Any CPU.ActiveCfg = Debug|Any CPU
		{8255586B-8498-463C-B6C3-36ACC312540D}.Debug|Any CPU.Build.0 = Debug|Any CPU
		{8255586B-8498-463C-B6C3-36ACC312540D}.Release|Any CPU.ActiveCfg = Release|Any CPU
		{8255586B-8498-463C-B6C3-36ACC312540D}.Release|Any CPU.Build.0 = Release|Any CPU
		{61B2BC18-9D26-4104-BCA6-6BFE6CAA5748}.Debug|Any CPU.ActiveCfg = Debug|Any CPU
		{61B2BC18-9D26-4104-BCA6-6BFE6CAA5748}.Debug|Any CPU.Build.0 = Debug|Any CPU
		{61B2BC18-9D26-4104-BCA6-6BFE6CAA5748}.Release|Any CPU.ActiveCfg = Release|Any CPU
		{61B2BC18-9D26-4104-BCA6-6BFE6CAA5748}.Release|Any CPU.Build.0 = Release|Any CPU
		{2E0F1117-F452-4237-A525-8DE469E5158D}.Debug|Any CPU.ActiveCfg = Debug|Any CPU
		{2E0F1117-F452-4237-A525-8DE469E5158D}.Debug|Any CPU.Build.0 = Debug|Any CPU
		{2E0F1117-F452-4237-A525-8DE469E5158D}.Release|Any CPU.ActiveCfg = Release|Any CPU
		{2E0F1117-F452-4237-A525-8DE469E5158D}.Release|Any CPU.Build.0 = Release|Any CPU
		{9D065BDA-D773-4E85-90FB-2B3B7F1917F7}.Debug|Any CPU.ActiveCfg = Debug|Any CPU
		{9D065BDA-D773-4E85-90FB-2B3B7F1917F7}.Debug|Any CPU.Build.0 = Debug|Any CPU
		{9D065BDA-D773-4E85-90FB-2B3B7F1917F7}.Release|Any CPU.ActiveCfg = Release|Any CPU
		{9D065BDA-D773-4E85-90FB-2B3B7F1917F7}.Release|Any CPU.Build.0 = Release|Any CPU
	EndGlobalSection
	GlobalSection(SolutionProperties) = preSolution
		HideSolutionNode = FALSE
	EndGlobalSection
EndGlobal
